
Microsoft Visual Studio Solution File, Format Version 12.00
# Visual Studio 15
VisualStudioVersion = 15.0.28307.902
MinimumVisualStudioVersion = 10.0.40219.1
Project("{FAE04EC0-301F-11D3-BF4B-00C04F79EFBC}") = "TheatreTicketBookingSystem", "TheatreTicketBookingSystem\TheatreTicketBookingSystem.csproj", "{6DDA987A-C890-4138-8821-DC1A53BD9952}"
EndProject
Project("{FAE04EC0-301F-11D3-BF4B-00C04F79EFBC}") = "DatabaseAccessLayer", "DatabaseAccessLayer\DatabaseAccessLayer.csproj", "{88C9E9A4-61EE-4E51-9E16-EB5C3B35A346}"
EndProject
Global
	GlobalSection(SolutionConfigurationPlatforms) = preSolution
		Debug|Any CPU = Debug|Any CPU
		Release|Any CPU = Release|Any CPU
	EndGlobalSection
	GlobalSection(ProjectConfigurationPlatforms) = postSolution
		{6DDA987A-C890-4138-8821-DC1A53BD9952}.Debug|Any CPU.ActiveCfg = Debug|Any CPU
		{6DDA987A-C890-4138-8821-DC1A53BD9952}.Debug|Any CPU.Build.0 = Debug|Any CPU
		{6DDA987A-C890-4138-8821-DC1A53BD9952}.Release|Any CPU.ActiveCfg = Release|Any CPU
		{6DDA987A-C890-4138-8821-DC1A53BD9952}.Release|Any CPU.Build.0 = Release|Any CPU
		{88C9E9A4-61EE-4E51-9E16-EB5C3B35A346}.Debug|Any CPU.ActiveCfg = Debug|Any CPU
		{88C9E9A4-61EE-4E51-9E16-EB5C3B35A346}.Debug|Any CPU.Build.0 = Debug|Any CPU
		{88C9E9A4-61EE-4E51-9E16-EB5C3B35A346}.Release|Any CPU.ActiveCfg = Release|Any CPU
		{88C9E9A4-61EE-4E51-9E16-EB5C3B35A346}.Release|Any CPU.Build.0 = Release|Any CPU
	EndGlobalSection
	GlobalSection(SolutionProperties) = preSolution
		HideSolutionNode = FALSE
	EndGlobalSection
	GlobalSection(ExtensibilityGlobals) = postSolution
		SolutionGuid = {8109F307-67A1-4965-9F6F-87722E8C3955}
	EndGlobalSection
EndGlobal
